# This file is autogenerated, do not edit; changes may be undone by the next 'dep ensure'.


[[projects]]
  digest = "1:897d91c431ce469d35a5e6030e60e617dccd9a0e95bdffa6a80594f5c5800d29"
  name = "github.com/agnivade/levenshtein"
  packages = ["."]
  pruneopts = "UT"
  revision = "3d21ba515fe27b856f230847e856431ae1724adc"
  version = "v1.0.0"

[[projects]]
  branch = "master"
  digest = "1:8150271279cc160a41e9aabfee8118c20a0e88894a25b2577f93e7c868e5259c"
  name = "github.com/vektah/gqlparser"
  packages = [
    ".",
    "ast",
    "gqlerror",
    "lexer",
    "parser",
    "validator",
    "validator/rules",
  ]
  pruneopts = "UT"
  revision = "14e83ae06ec152e6d0afb9766a00e0c0918aa8fc"

[solve-meta]
  analyzer-name = "dep"
  analyzer-version = 1
  input-imports = ["github.com/vektah/gqlparser"]
  solver-name = "gps-cdcl"
  solver-version = 1
