# This file is autogenerated, do not edit; changes may be undone by the next 'dep ensure'.


[[projects]]
  digest = "1:b24d38b282bacf9791408a080f606370efa3d364e4b5fd9ba0f7b87786d3b679"
  name = "github.com/urfave/cli"
  packages = ["."]
  pruneopts = "UT"
  revision = "cfb38830724cc34fedffe9a2a29fb54fa9169cd1"
  version = "v1.20.0"

[[projects]]
  branch = "master"
  digest = "1:5a532cff0f66f18654db75b726670da38b98496f0766e51ac069039146a8aaa6"
  name = "github.com/vektah/gqlparser"
  packages = [
    "ast",
    "gqlerror",
    "lexer",
    "parser",
  ]
  pruneopts = "UT"
  revision = "14e83ae06ec152e6d0afb9766a00e0c0918aa8fc"

[solve-meta]
  analyzer-name = "dep"
  analyzer-version = 1
  input-imports = [
    "github.com/urfave/cli",
    "github.com/vektah/gqlparser/ast",
    "github.com/vektah/gqlparser/parser",
  ]
  solver-name = "gps-cdcl"
  solver-version = 1
